
Microsoft Visual Studio Solution File, Format Version 12.00
# Visual Studio Version 17
VisualStudioVersion = 17.14.36221.1 d17.14
MinimumVisualStudioVersion = 10.0.40219.1
Project("{FAE04EC0-301F-11D3-BF4B-00C04F79EFBC}") = "OcelotGateway", "OcelotGateway\OcelotGateway.csproj", "{A435318E-1029-4DEF-ADDB-08D7B2783EB8}"
EndProject
Global
	GlobalSection(SolutionConfigurationPlatforms) = preSolution
		Debug|Any CPU = Debug|Any CPU
		Release|Any CPU = Release|Any CPU
	EndGlobalSection
	GlobalSection(ProjectConfigurationPlatforms) = postSolution
		{A435318E-1029-4DEF-ADDB-08D7B2783EB8}.Debug|Any CPU.ActiveCfg = Debug|Any CPU
		{A435318E-1029-4DEF-ADDB-08D7B2783EB8}.Debug|Any CPU.Build.0 = Debug|Any CPU
		{A435318E-1029-4DEF-ADDB-08D7B2783EB8}.Release|Any CPU.ActiveCfg = Release|Any CPU
		{A435318E-1029-4DEF-ADDB-08D7B2783EB8}.Release|Any CPU.Build.0 = Release|Any CPU
	EndGlobalSection
	GlobalSection(SolutionProperties) = preSolution
		HideSolutionNode = FALSE
	EndGlobalSection
	GlobalSection(ExtensibilityGlobals) = postSolution
		SolutionGuid = {9471CA12-E948-449A-BA4E-34D95FDC5BDB}
	EndGlobalSection
EndGlobal
